// !$*UTF8*$!
{
	archiveVersion = 1;
	classes = {
	};
	objectVersion = 50;
	objects = {

/* Begin PBXBuildFile section */
		697DF48017C592C538E8555E /* Pods_RxSwiftKnowledge.framework in Frameworks */ = {isa = PBXBuildFile; fileRef = 1E73F394CBE9DE364C163DF5 /* Pods_RxSwiftKnowledge.framework */; };
		95F88B67222CC02700250D13 /* UITableViewEditController.swift in Sources */ = {isa = PBXBuildFile; fileRef = 95F88B66222CC02700250D13 /* UITableViewEditController.swift */; };
		95F88B69222D09B500250D13 /* UITableViewDifferentCellController.swift in Sources */ = {isa = PBXBuildFile; fileRef = 95F88B68222D09B500250D13 /* UITableViewDifferentCellController.swift */; };
		95F88B6B222D25F000250D13 /* UICollectionViewController.swift in Sources */ = {isa = PBXBuildFile; fileRef = 95F88B6A222D25F000250D13 /* UICollectionViewController.swift */; };
		95FC57FF222F723100AEE415 /* RxAlamofireController.swift in Sources */ = {isa = PBXBuildFile; fileRef = 95FC57FE222F723100AEE415 /* RxAlamofireController.swift */; };
		95FC5801222FA3A300AEE415 /* MoyaController.swift in Sources */ = {isa = PBXBuildFile; fileRef = 95FC5800222FA3A300AEE415 /* MoyaController.swift */; };
		95FC5803222FCC5900AEE415 /* MVVMController.swift in Sources */ = {isa = PBXBuildFile; fileRef = 95FC5802222FCC5900AEE415 /* MVVMController.swift */; };
		95FD08822227894C0004467C /* AppDelegate.swift in Sources */ = {isa = PBXBuildFile; fileRef = 95FD08812227894C0004467C /* AppDelegate.swift */; };
		95FD08842227894C0004467C /* ViewController.swift in Sources */ = {isa = PBXBuildFile; fileRef = 95FD08832227894C0004467C /* ViewController.swift */; };
		95FD08872227894C0004467C /* Main.storyboard in Resources */ = {isa = PBXBuildFile; fileRef = 95FD08852227894C0004467C /* Main.storyboard */; };
		95FD08892227894D0004467C /* Assets.xcassets in Resources */ = {isa = PBXBuildFile; fileRef = 95FD08882227894D0004467C /* Assets.xcassets */; };
		95FD088C2227894D0004467C /* LaunchScreen.storyboard in Resources */ = {isa = PBXBuildFile; fileRef = 95FD088A2227894D0004467C /* LaunchScreen.storyboard */; };
		95FD08952227B18A0004467C /* ObservableController.swift in Sources */ = {isa = PBXBuildFile; fileRef = 95FD08942227B18A0004467C /* ObservableController.swift */; };
		95FD08972227B19B0004467C /* ObserverController.swift in Sources */ = {isa = PBXBuildFile; fileRef = 95FD08962227B19B0004467C /* ObserverController.swift */; };
		95FD08992227B69E0004467C /* BaseController.swift in Sources */ = {isa = PBXBuildFile; fileRef = 95FD08982227B69E0004467C /* BaseController.swift */; };
		95FD089B2227B9320004467C /* SubjectsAndVariablesController.swift in Sources */ = {isa = PBXBuildFile; fileRef = 95FD089A2227B9320004467C /* SubjectsAndVariablesController.swift */; };
		95FD089D2227B9580004467C /* TransformingObservablesController.swift in Sources */ = {isa = PBXBuildFile; fileRef = 95FD089C2227B9580004467C /* TransformingObservablesController.swift */; };
		95FD089F2227B96C0004467C /* FilteringObservablesController.swift in Sources */ = {isa = PBXBuildFile; fileRef = 95FD089E2227B96C0004467C /* FilteringObservablesController.swift */; };
		95FD08A12227B97B0004467C /* ConditionalAndBooleanOperatorsController.swift in Sources */ = {isa = PBXBuildFile; fileRef = 95FD08A02227B97B0004467C /* ConditionalAndBooleanOperatorsController.swift */; };
		95FD08A32227B99A0004467C /* CombiningObservablesController.swift in Sources */ = {isa = PBXBuildFile; fileRef = 95FD08A22227B99A0004467C /* CombiningObservablesController.swift */; };
		95FD08A52227B9A90004467C /* MathematicalAndAggregateOperatorsController.swift in Sources */ = {isa = PBXBuildFile; fileRef = 95FD08A42227B9A90004467C /* MathematicalAndAggregateOperatorsController.swift */; };
		95FD08A72227BA2E0004467C /* ConnectableObservableOperatorsController.swift in Sources */ = {isa = PBXBuildFile; fileRef = 95FD08A62227BA2E0004467C /* ConnectableObservableOperatorsController.swift */; };
		95FD08A92227BA3B0004467C /* ObservableUtilityOperatorsController.swift in Sources */ = {isa = PBXBuildFile; fileRef = 95FD08A82227BA3B0004467C /* ObservableUtilityOperatorsController.swift */; };
		95FD08AB2227BA540004467C /* ErrorHandlingOperatorsController.swift in Sources */ = {isa = PBXBuildFile; fileRef = 95FD08AA2227BA540004467C /* ErrorHandlingOperatorsController.swift */; };
		95FD08AD2227BA610004467C /* DebugOperationController.swift in Sources */ = {isa = PBXBuildFile; fileRef = 95FD08AC2227BA610004467C /* DebugOperationController.swift */; };
		95FD08AF2227BA700004467C /* SingleCompletableMaybeController.swift in Sources */ = {isa = PBXBuildFile; fileRef = 95FD08AE2227BA700004467C /* SingleCompletableMaybeController.swift */; };
		95FD08B12227BA7E0004467C /* DriverController.swift in Sources */ = {isa = PBXBuildFile; fileRef = 95FD08B02227BA7E0004467C /* DriverController.swift */; };
		95FD08B32227BA8A0004467C /* SchedulersController.swift in Sources */ = {isa = PBXBuildFile; fileRef = 95FD08B22227BA8A0004467C /* SchedulersController.swift */; };
		95FD08B52227BA970004467C /* UILabelController.swift in Sources */ = {isa = PBXBuildFile; fileRef = 95FD08B42227BA970004467C /* UILabelController.swift */; };
		95FD08B72227BAA60004467C /* UITextFieldUITextViewController.swift in Sources */ = {isa = PBXBuildFile; fileRef = 95FD08B62227BAA60004467C /* UITextFieldUITextViewController.swift */; };
		95FD08B92227DA920004467C /* UIButtonUIBarButtonItemController.swift in Sources */ = {isa = PBXBuildFile; fileRef = 95FD08B82227DA920004467C /* UIButtonUIBarButtonItemController.swift */; };
		95FD08BB2227EE780004467C /* UISegmentedControlController.swift in Sources */ = {isa = PBXBuildFile; fileRef = 95FD08BA2227EE780004467C /* UISegmentedControlController.swift */; };
		95FD08BD2228127F0004467C /* UIActivityIndicatorViewUIApplicationController.swift in Sources */ = {isa = PBXBuildFile; fileRef = 95FD08BC2228127F0004467C /* UIActivityIndicatorViewUIApplicationController.swift */; };
		95FD08BF222814D60004467C /* UISliderUIStepperController.swift in Sources */ = {isa = PBXBuildFile; fileRef = 95FD08BE222814D60004467C /* UISliderUIStepperController.swift */; };
		95FD08C1222818290004467C /* TwoWayBindingController.swift in Sources */ = {isa = PBXBuildFile; fileRef = 95FD08C0222818290004467C /* TwoWayBindingController.swift */; };
		95FD08C322281D110004467C /* Operators.swift in Sources */ = {isa = PBXBuildFile; fileRef = 95FD08C222281D110004467C /* Operators.swift */; };
		95FD87EB222E49E900C2E230 /* UIPickerViewController.swift in Sources */ = {isa = PBXBuildFile; fileRef = 95FD87EA222E49E900C2E230 /* UIPickerViewController.swift */; };
		95FD87ED222E603500C2E230 /* WeakSelfUnownedSelfController.swift in Sources */ = {isa = PBXBuildFile; fileRef = 95FD87EC222E603500C2E230 /* WeakSelfUnownedSelfController.swift */; };
		95FD87EF222E66D400C2E230 /* URLSessionController.swift in Sources */ = {isa = PBXBuildFile; fileRef = 95FD87EE222E66D400C2E230 /* URLSessionController.swift */; };
		95FF098A2228FE4000797971 /* UIGestureRecognizerController.swift in Sources */ = {isa = PBXBuildFile; fileRef = 95FF09892228FE4000797971 /* UIGestureRecognizerController.swift */; };
		95FF098C2229002700797971 /* UIDatePickerController.swift in Sources */ = {isa = PBXBuildFile; fileRef = 95FF098B2229002700797971 /* UIDatePickerController.swift */; };
		95FF098E22290E7000797971 /* UITableViewController.swift in Sources */ = {isa = PBXBuildFile; fileRef = 95FF098D22290E7000797971 /* UITableViewController.swift */; };
		95FF099022291B5700797971 /* RxTableViewDataSourcesController.swift in Sources */ = {isa = PBXBuildFile; fileRef = 95FF098F22291B5700797971 /* RxTableViewDataSourcesController.swift */; };
/* End PBXBuildFile section */

/* Begin PBXFileReference section */
		09ADA2B8EEF47B7DE8B3EC64 /* Pods-RxSwiftKnowledge.release.xcconfig */ = {isa = PBXFileReference; includeInIndex = 1; lastKnownFileType = text.xcconfig; name = "Pods-RxSwiftKnowledge.release.xcconfig"; path = "Target Support Files/Pods-RxSwiftKnowledge/Pods-RxSwiftKnowledge.release.xcconfig"; sourceTree = "<group>"; };
		1E73F394CBE9DE364C163DF5 /* Pods_RxSwiftKnowledge.framework */ = {isa = PBXFileReference; explicitFileType = wrapper.framework; includeInIndex = 0; path = Pods_RxSwiftKnowledge.framework; sourceTree = BUILT_PRODUCTS_DIR; };
		2087D2F766920D1331D0CEF8 /* Pods-RxSwiftKnowledge.debug.xcconfig */ = {isa = PBXFileReference; includeInIndex = 1; lastKnownFileType = text.xcconfig; name = "Pods-RxSwiftKnowledge.debug.xcconfig"; path = "Target Support Files/Pods-RxSwiftKnowledge/Pods-RxSwiftKnowledge.debug.xcconfig"; sourceTree = "<group>"; };
		95F88B66222CC02700250D13 /* UITableViewEditController.swift */ = {isa = PBXFileReference; lastKnownFileType = sourcecode.swift; path = UITableViewEditController.swift; sourceTree = "<group>"; };
		95F88B68222D09B500250D13 /* UITableViewDifferentCellController.swift */ = {isa = PBXFileReference; lastKnownFileType = sourcecode.swift; path = UITableViewDifferentCellController.swift; sourceTree = "<group>"; };
		95F88B6A222D25F000250D13 /* UICollectionViewController.swift */ = {isa = PBXFileReference; lastKnownFileType = sourcecode.swift; path = UICollectionViewController.swift; sourceTree = "<group>"; };
		95FC57FE222F723100AEE415 /* RxAlamofireController.swift */ = {isa = PBXFileReference; lastKnownFileType = sourcecode.swift; path = RxAlamofireController.swift; sourceTree = "<group>"; };
		95FC5800222FA3A300AEE415 /* MoyaController.swift */ = {isa = PBXFileReference; lastKnownFileType = sourcecode.swift; path = MoyaController.swift; sourceTree = "<group>"; };
		95FC5802222FCC5900AEE415 /* MVVMController.swift */ = {isa = PBXFileReference; lastKnownFileType = sourcecode.swift; path = MVVMController.swift; sourceTree = "<group>"; };
		95FD087E2227894C0004467C /* RxSwiftKnowledge.app */ = {isa = PBXFileReference; explicitFileType = wrapper.application; includeInIndex = 0; path = RxSwiftKnowledge.app; sourceTree = BUILT_PRODUCTS_DIR; };
		95FD08812227894C0004467C /* AppDelegate.swift */ = {isa = PBXFileReference; lastKnownFileType = sourcecode.swift; path = AppDelegate.swift; sourceTree = "<group>"; };
		95FD08832227894C0004467C /* ViewController.swift */ = {isa = PBXFileReference; lastKnownFileType = sourcecode.swift; path = ViewController.swift; sourceTree = "<group>"; };
		95FD08862227894C0004467C /* Base */ = {isa = PBXFileReference; lastKnownFileType = file.storyboard; name = Base; path = Base.lproj/Main.storyboard; sourceTree = "<group>"; };
		95FD08882227894D0004467C /* Assets.xcassets */ = {isa = PBXFileReference; lastKnownFileType = folder.assetcatalog; path = Assets.xcassets; sourceTree = "<group>"; };
		95FD088B2227894D0004467C /* Base */ = {isa = PBXFileReference; lastKnownFileType = file.storyboard; name = Base; path = Base.lproj/LaunchScreen.storyboard; sourceTree = "<group>"; };
		95FD088D2227894D0004467C /* Info.plist */ = {isa = PBXFileReference; lastKnownFileType = text.plist.xml; path = Info.plist; sourceTree = "<group>"; };
		95FD08942227B18A0004467C /* ObservableController.swift */ = {isa = PBXFileReference; lastKnownFileType = sourcecode.swift; path = ObservableController.swift; sourceTree = "<group>"; };
		95FD08962227B19B0004467C /* ObserverController.swift */ = {isa = PBXFileReference; lastKnownFileType = sourcecode.swift; path = ObserverController.swift; sourceTree = "<group>"; };
		95FD08982227B69E0004467C /* BaseController.swift */ = {isa = PBXFileReference; lastKnownFileType = sourcecode.swift; path = BaseController.swift; sourceTree = "<group>"; };
		95FD089A2227B9320004467C /* SubjectsAndVariablesController.swift */ = {isa = PBXFileReference; lastKnownFileType = sourcecode.swift; path = SubjectsAndVariablesController.swift; sourceTree = "<group>"; };
		95FD089C2227B9580004467C /* TransformingObservablesController.swift */ = {isa = PBXFileReference; lastKnownFileType = sourcecode.swift; path = TransformingObservablesController.swift; sourceTree = "<group>"; };
		95FD089E2227B96C0004467C /* FilteringObservablesController.swift */ = {isa = PBXFileReference; lastKnownFileType = sourcecode.swift; path = FilteringObservablesController.swift; sourceTree = "<group>"; };
		95FD08A02227B97B0004467C /* ConditionalAndBooleanOperatorsController.swift */ = {isa = PBXFileReference; lastKnownFileType = sourcecode.swift; path = ConditionalAndBooleanOperatorsController.swift; sourceTree = "<group>"; };
		95FD08A22227B99A0004467C /* CombiningObservablesController.swift */ = {isa = PBXFileReference; lastKnownFileType = sourcecode.swift; path = CombiningObservablesController.swift; sourceTree = "<group>"; };
		95FD08A42227B9A90004467C /* MathematicalAndAggregateOperatorsController.swift */ = {isa = PBXFileReference; lastKnownFileType = sourcecode.swift; path = MathematicalAndAggregateOperatorsController.swift; sourceTree = "<group>"; };
		95FD08A62227BA2E0004467C /* ConnectableObservableOperatorsController.swift */ = {isa = PBXFileReference; lastKnownFileType = sourcecode.swift; path = ConnectableObservableOperatorsController.swift; sourceTree = "<group>"; };
		95FD08A82227BA3B0004467C /* ObservableUtilityOperatorsController.swift */ = {isa = PBXFileReference; lastKnownFileType = sourcecode.swift; path = ObservableUtilityOperatorsController.swift; sourceTree = "<group>"; };
		95FD08AA2227BA540004467C /* ErrorHandlingOperatorsController.swift */ = {isa = PBXFileReference; lastKnownFileType = sourcecode.swift; path = ErrorHandlingOperatorsController.swift; sourceTree = "<group>"; };
		95FD08AC2227BA610004467C /* DebugOperationController.swift */ = {isa = PBXFileReference; lastKnownFileType = sourcecode.swift; path = DebugOperationController.swift; sourceTree = "<group>"; };
		95FD08AE2227BA700004467C /* SingleCompletableMaybeController.swift */ = {isa = PBXFileReference; lastKnownFileType = sourcecode.swift; path = SingleCompletableMaybeController.swift; sourceTree = "<group>"; };
		95FD08B02227BA7E0004467C /* DriverController.swift */ = {isa = PBXFileReference; lastKnownFileType = sourcecode.swift; path = DriverController.swift; sourceTree = "<group>"; };
		95FD08B22227BA8A0004467C /* SchedulersController.swift */ = {isa = PBXFileReference; lastKnownFileType = sourcecode.swift; path = SchedulersController.swift; sourceTree = "<group>"; };
		95FD08B42227BA970004467C /* UILabelController.swift */ = {isa = PBXFileReference; lastKnownFileType = sourcecode.swift; path = UILabelController.swift; sourceTree = "<group>"; };
		95FD08B62227BAA60004467C /* UITextFieldUITextViewController.swift */ = {isa = PBXFileReference; lastKnownFileType = sourcecode.swift; path = UITextFieldUITextViewController.swift; sourceTree = "<group>"; };
		95FD08B82227DA920004467C /* UIButtonUIBarButtonItemController.swift */ = {isa = PBXFileReference; lastKnownFileType = sourcecode.swift; path = UIButtonUIBarButtonItemController.swift; sourceTree = "<group>"; };
		95FD08BA2227EE780004467C /* UISegmentedControlController.swift */ = {isa = PBXFileReference; lastKnownFileType = sourcecode.swift; path = UISegmentedControlController.swift; sourceTree = "<group>"; };
		95FD08BC2228127F0004467C /* UIActivityIndicatorViewUIApplicationController.swift */ = {isa = PBXFileReference; lastKnownFileType = sourcecode.swift; path = UIActivityIndicatorViewUIApplicationController.swift; sourceTree = "<group>"; };
		95FD08BE222814D60004467C /* UISliderUIStepperController.swift */ = {isa = PBXFileReference; lastKnownFileType = sourcecode.swift; path = UISliderUIStepperController.swift; sourceTree = "<group>"; };
		95FD08C0222818290004467C /* TwoWayBindingController.swift */ = {isa = PBXFileReference; lastKnownFileType = sourcecode.swift; path = TwoWayBindingController.swift; sourceTree = "<group>"; };
		95FD08C222281D110004467C /* Operators.swift */ = {isa = PBXFileReference; fileEncoding = 4; lastKnownFileType = sourcecode.swift; path = Operators.swift; sourceTree = "<group>"; };
		95FD87EA222E49E900C2E230 /* UIPickerViewController.swift */ = {isa = PBXFileReference; lastKnownFileType = sourcecode.swift; path = UIPickerViewController.swift; sourceTree = "<group>"; };
		95FD87EC222E603500C2E230 /* WeakSelfUnownedSelfController.swift */ = {isa = PBXFileReference; lastKnownFileType = sourcecode.swift; path = WeakSelfUnownedSelfController.swift; sourceTree = "<group>"; };
		95FD87EE222E66D400C2E230 /* URLSessionController.swift */ = {isa = PBXFileReference; lastKnownFileType = sourcecode.swift; path = URLSessionController.swift; sourceTree = "<group>"; };
		95FF09892228FE4000797971 /* UIGestureRecognizerController.swift */ = {isa = PBXFileReference; lastKnownFileType = sourcecode.swift; path = UIGestureRecognizerController.swift; sourceTree = "<group>"; };
		95FF098B2229002700797971 /* UIDatePickerController.swift */ = {isa = PBXFileReference; lastKnownFileType = sourcecode.swift; path = UIDatePickerController.swift; sourceTree = "<group>"; };
		95FF098D22290E7000797971 /* UITableViewController.swift */ = {isa = PBXFileReference; lastKnownFileType = sourcecode.swift; path = UITableViewController.swift; sourceTree = "<group>"; };
		95FF098F22291B5700797971 /* RxTableViewDataSourcesController.swift */ = {isa = PBXFileReference; lastKnownFileType = sourcecode.swift; path = RxTableViewDataSourcesController.swift; sourceTree = "<group>"; };
/* End PBXFileReference section */

/* Begin PBXFrameworksBuildPhase section */
		95FD087B2227894C0004467C /* Frameworks */ = {
			isa = PBXFrameworksBuildPhase;
			buildActionMask = 2147483647;
			files = (
				697DF48017C592C538E8555E /* Pods_RxSwiftKnowledge.framework in Frameworks */,
			);
			runOnlyForDeploymentPostprocessing = 0;
		};
/* End PBXFrameworksBuildPhase section */

/* Begin PBXGroup section */
		2E5971AFD6A8A0ED8B480C60 /* Pods */ = {
			isa = PBXGroup;
			children = (
				2087D2F766920D1331D0CEF8 /* Pods-RxSwiftKnowledge.debug.xcconfig */,
				09ADA2B8EEF47B7DE8B3EC64 /* Pods-RxSwiftKnowledge.release.xcconfig */,
			);
			path = Pods;
			sourceTree = "<group>";
		};
		95FD08752227894C0004467C = {
			isa = PBXGroup;
			children = (
				95FD08802227894C0004467C /* RxSwiftKnowledge */,
				95FD087F2227894C0004467C /* Products */,
				2E5971AFD6A8A0ED8B480C60 /* Pods */,
				CE9BDBC013F1E0080B16B449 /* Frameworks */,
			);
			sourceTree = "<group>";
		};
		95FD087F2227894C0004467C /* Products */ = {
			isa = PBXGroup;
			children = (
				95FD087E2227894C0004467C /* RxSwiftKnowledge.app */,
			);
			name = Products;
			sourceTree = "<group>";
		};
		95FD08802227894C0004467C /* RxSwiftKnowledge */ = {
			isa = PBXGroup;
			children = (
				95FD08C222281D110004467C /* Operators.swift */,
				95FD08932227B1600004467C /* ViewController */,
				95FD08812227894C0004467C /* AppDelegate.swift */,
				95FD08832227894C0004467C /* ViewController.swift */,
				95FD08852227894C0004467C /* Main.storyboard */,
				95FD08882227894D0004467C /* Assets.xcassets */,
				95FD088A2227894D0004467C /* LaunchScreen.storyboard */,
				95FD088D2227894D0004467C /* Info.plist */,
			);
			path = RxSwiftKnowledge;
			sourceTree = "<group>";
		};
		95FD08932227B1600004467C /* ViewController */ = {
			isa = PBXGroup;
			children = (
				95FD08982227B69E0004467C /* BaseController.swift */,
				95FD08942227B18A0004467C /* ObservableController.swift */,
				95FD08962227B19B0004467C /* ObserverController.swift */,
				95FD089A2227B9320004467C /* SubjectsAndVariablesController.swift */,
				95FD089C2227B9580004467C /* TransformingObservablesController.swift */,
				95FD089E2227B96C0004467C /* FilteringObservablesController.swift */,
				95FD08A02227B97B0004467C /* ConditionalAndBooleanOperatorsController.swift */,
				95FD08A22227B99A0004467C /* CombiningObservablesController.swift */,
				95FD08A42227B9A90004467C /* MathematicalAndAggregateOperatorsController.swift */,
				95FD08A62227BA2E0004467C /* ConnectableObservableOperatorsController.swift */,
				95FD08A82227BA3B0004467C /* ObservableUtilityOperatorsController.swift */,
				95FD08AA2227BA540004467C /* ErrorHandlingOperatorsController.swift */,
				95FD08AC2227BA610004467C /* DebugOperationController.swift */,
				95FD08AE2227BA700004467C /* SingleCompletableMaybeController.swift */,
				95FD08B02227BA7E0004467C /* DriverController.swift */,
				95FD08B22227BA8A0004467C /* SchedulersController.swift */,
				95FD08B42227BA970004467C /* UILabelController.swift */,
				95FD08B62227BAA60004467C /* UITextFieldUITextViewController.swift */,
				95FD08B82227DA920004467C /* UIButtonUIBarButtonItemController.swift */,
				95FD08BA2227EE780004467C /* UISegmentedControlController.swift */,
				95FD08BC2228127F0004467C /* UIActivityIndicatorViewUIApplicationController.swift */,
				95FD08BE222814D60004467C /* UISliderUIStepperController.swift */,
				95FD08C0222818290004467C /* TwoWayBindingController.swift */,
				95FF09892228FE4000797971 /* UIGestureRecognizerController.swift */,
				95FF098B2229002700797971 /* UIDatePickerController.swift */,
				95FF098D22290E7000797971 /* UITableViewController.swift */,
				95FF098F22291B5700797971 /* RxTableViewDataSourcesController.swift */,
				95F88B66222CC02700250D13 /* UITableViewEditController.swift */,
				95F88B68222D09B500250D13 /* UITableViewDifferentCellController.swift */,
				95F88B6A222D25F000250D13 /* UICollectionViewController.swift */,
				95FD87EA222E49E900C2E230 /* UIPickerViewController.swift */,
				95FD87EC222E603500C2E230 /* WeakSelfUnownedSelfController.swift */,
				95FD87EE222E66D400C2E230 /* URLSessionController.swift */,
				95FC57FE222F723100AEE415 /* RxAlamofireController.swift */,
				95FC5800222FA3A300AEE415 /* MoyaController.swift */,
				95FC5802222FCC5900AEE415 /* MVVMController.swift */,
			);
			path = ViewController;
			sourceTree = "<group>";
		};
		CE9BDBC013F1E0080B16B449 /* Frameworks */ = {
			isa = PBXGroup;
			children = (
				1E73F394CBE9DE364C163DF5 /* Pods_RxSwiftKnowledge.framework */,
			);
			name = Frameworks;
			sourceTree = "<group>";
		};
/* End PBXGroup section */

/* Begin PBXNativeTarget section */
		95FD087D2227894C0004467C /* RxSwiftKnowledge */ = {
			isa = PBXNativeTarget;
			buildConfigurationList = 95FD08902227894D0004467C /* Build configuration list for PBXNativeTarget "RxSwiftKnowledge" */;
			buildPhases = (
				FF14800917CBDA0C2BCEB4F2 /* [CP] Check Pods Manifest.lock */,
				95FD087A2227894C0004467C /* Sources */,
				95FD087B2227894C0004467C /* Frameworks */,
				95FD087C2227894C0004467C /* Resources */,
				36B35B754A5564970819933C /* [CP] Embed Pods Frameworks */,
			);
			buildRules = (
			);
			dependencies = (
			);
			name = RxSwiftKnowledge;
			productName = RxSwiftKnowledge;
			productReference = 95FD087E2227894C0004467C /* RxSwiftKnowledge.app */;
			productType = "com.apple.product-type.application";
		};
/* End PBXNativeTarget section */

/* Begin PBXProject section */
		95FD08762227894C0004467C /* Project object */ = {
			isa = PBXProject;
			attributes = {
				LastSwiftUpdateCheck = 1010;
				LastUpgradeCheck = 1010;
				ORGANIZATIONNAME = Darren;
				TargetAttributes = {
					95FD087D2227894C0004467C = {
						CreatedOnToolsVersion = 10.1;
					};
				};
			};
			buildConfigurationList = 95FD08792227894C0004467C /* Build configuration list for PBXProject "RxSwiftKnowledge" */;
			compatibilityVersion = "Xcode 9.3";
			developmentRegion = en;
			hasScannedForEncodings = 0;
			knownRegions = (
				en,
				Base,
			);
			mainGroup = 95FD08752227894C0004467C;
			productRefGroup = 95FD087F2227894C0004467C /* Products */;
			projectDirPath = "";
			projectRoot = "";
			targets = (
				95FD087D2227894C0004467C /* RxSwiftKnowledge */,
			);
		};
/* End PBXProject section */

/* Begin PBXResourcesBuildPhase section */
		95FD087C2227894C0004467C /* Resources */ = {
			isa = PBXResourcesBuildPhase;
			buildActionMask = 2147483647;
			files = (
				95FD088C2227894D0004467C /* LaunchScreen.storyboard in Resources */,
				95FD08892227894D0004467C /* Assets.xcassets in Resources */,
				95FD08872227894C0004467C /* Main.storyboard in Resources */,
			);
			runOnlyForDeploymentPostprocessing = 0;
		};
/* End PBXResourcesBuildPhase section */

/* Begin PBXShellScriptBuildPhase section */
		36B35B754A5564970819933C /* [CP] Embed Pods Frameworks */ = {
			isa = PBXShellScriptBuildPhase;
			buildActionMask = 2147483647;
			files = (
			);
			inputFileListPaths = (
			);
			inputPaths = (
				"${PODS_ROOT}/Target Support Files/Pods-RxSwiftKnowledge/Pods-RxSwiftKnowledge-frameworks.sh",
				"${BUILT_PRODUCTS_DIR}/Alamofire/Alamofire.framework",
				"${BUILT_PRODUCTS_DIR}/Differentiator/Differentiator.framework",
				"${BUILT_PRODUCTS_DIR}/HandyJSON/HandyJSON.framework",
				"${BUILT_PRODUCTS_DIR}/Moya/Moya.framework",
				"${BUILT_PRODUCTS_DIR}/Result/Result.framework",
				"${BUILT_PRODUCTS_DIR}/RxAlamofire/RxAlamofire.framework",
				"${BUILT_PRODUCTS_DIR}/RxAtomic/RxAtomic.framework",
				"${BUILT_PRODUCTS_DIR}/RxCocoa/RxCocoa.framework",
				"${BUILT_PRODUCTS_DIR}/RxDataSources/RxDataSources.framework",
				"${BUILT_PRODUCTS_DIR}/RxSwift/RxSwift.framework",
			);
			name = "[CP] Embed Pods Frameworks";
			outputFileListPaths = (
			);
			outputPaths = (
				"${TARGET_BUILD_DIR}/${FRAMEWORKS_FOLDER_PATH}/Alamofire.framework",
				"${TARGET_BUILD_DIR}/${FRAMEWORKS_FOLDER_PATH}/Differentiator.framework",
				"${TARGET_BUILD_DIR}/${FRAMEWORKS_FOLDER_PATH}/HandyJSON.framework",
				"${TARGET_BUILD_DIR}/${FRAMEWORKS_FOLDER_PATH}/Moya.framework",
				"${TARGET_BUILD_DIR}/${FRAMEWORKS_FOLDER_PATH}/Result.framework",
				"${TARGET_BUILD_DIR}/${FRAMEWORKS_FOLDER_PATH}/RxAlamofire.framework",
				"${TARGET_BUILD_DIR}/${FRAMEWORKS_FOLDER_PATH}/RxAtomic.framework",
				"${TARGET_BUILD_DIR}/${FRAMEWORKS_FOLDER_PATH}/RxCocoa.framework",
				"${TARGET_BUILD_DIR}/${FRAMEWORKS_FOLDER_PATH}/RxDataSources.framework",
				"${TARGET_BUILD_DIR}/${FRAMEWORKS_FOLDER_PATH}/RxSwift.framework",
			);
			runOnlyForDeploymentPostprocessing = 0;
			shellPath = /bin/sh;
			shellScript = "\"${PODS_ROOT}/Target Support Files/Pods-RxSwiftKnowledge/Pods-RxSwiftKnowledge-frameworks.sh\"\n";
			showEnvVarsInLog = 0;
		};
		FF14800917CBDA0C2BCEB4F2 /* [CP] Check Pods Manifest.lock */ = {
			isa = PBXShellScriptBuildPhase;
			buildActionMask = 2147483647;
			files = (
			);
			inputFileListPaths = (
			);
			inputPaths = (
				"${PODS_PODFILE_DIR_PATH}/Podfile.lock",
				"${PODS_ROOT}/Manifest.lock",
			);
			name = "[CP] Check Pods Manifest.lock";
			outputFileListPaths = (
			);
			outputPaths = (
				"$(DERIVED_FILE_DIR)/Pods-RxSwiftKnowledge-checkManifestLockResult.txt",
			);
			runOnlyForDeploymentPostprocessing = 0;
			shellPath = /bin/sh;
			shellScript = "diff \"${PODS_PODFILE_DIR_PATH}/Podfile.lock\" \"${PODS_ROOT}/Manifest.lock\" > /dev/null\nif [ $? != 0 ] ; then\n    # print error to STDERR\n    echo \"error: The sandbox is not in sync with the Podfile.lock. Run 'pod install' or update your CocoaPods installation.\" >&2\n    exit 1\nfi\n# This output is used by Xcode 'outputs' to avoid re-running this script phase.\necho \"SUCCESS\" > \"${SCRIPT_OUTPUT_FILE_0}\"\n";
			showEnvVarsInLog = 0;
		};
/* End PBXShellScriptBuildPhase section */

/* Begin PBXSourcesBuildPhase section */
		95FD087A2227894C0004467C /* Sources */ = {
			isa = PBXSourcesBuildPhase;
			buildActionMask = 2147483647;
			files = (
				95FD08BB2227EE780004467C /* UISegmentedControlController.swift in Sources */,
				95F88B67222CC02700250D13 /* UITableViewEditController.swift in Sources */,
				95FD08AD2227BA610004467C /* DebugOperationController.swift in Sources */,
				95FD08B72227BAA60004467C /* UITextFieldUITextViewController.swift in Sources */,
				95FD87EF222E66D400C2E230 /* URLSessionController.swift in Sources */,
				95FD08842227894C0004467C /* ViewController.swift in Sources */,
				95FD08B52227BA970004467C /* UILabelController.swift in Sources */,
				95F88B6B222D25F000250D13 /* UICollectionViewController.swift in Sources */,
				95FF098E22290E7000797971 /* UITableViewController.swift in Sources */,
				95FD08B92227DA920004467C /* UIButtonUIBarButtonItemController.swift in Sources */,
				95FD08BF222814D60004467C /* UISliderUIStepperController.swift in Sources */,
				95FC5803222FCC5900AEE415 /* MVVMController.swift in Sources */,
				95FD08A32227B99A0004467C /* CombiningObservablesController.swift in Sources */,
				95FD08A92227BA3B0004467C /* ObservableUtilityOperatorsController.swift in Sources */,
				95FD08C322281D110004467C /* Operators.swift in Sources */,
				95FD08BD2228127F0004467C /* UIActivityIndicatorViewUIApplicationController.swift in Sources */,
				95FC5801222FA3A300AEE415 /* MoyaController.swift in Sources */,
				95FD08822227894C0004467C /* AppDelegate.swift in Sources */,
				95FD08B32227BA8A0004467C /* SchedulersController.swift in Sources */,
				95FD089D2227B9580004467C /* TransformingObservablesController.swift in Sources */,
				95FD08C1222818290004467C /* TwoWayBindingController.swift in Sources */,
				95FD87EB222E49E900C2E230 /* UIPickerViewController.swift in Sources */,
				95FF099022291B5700797971 /* RxTableViewDataSourcesController.swift in Sources */,
				95FD089B2227B9320004467C /* SubjectsAndVariablesController.swift in Sources */,
				95FD08992227B69E0004467C /* BaseController.swift in Sources */,
				95FD08AB2227BA540004467C /* ErrorHandlingOperatorsController.swift in Sources */,
				95FD08B12227BA7E0004467C /* DriverController.swift in Sources */,
				95FD08952227B18A0004467C /* ObservableController.swift in Sources */,
				95FC57FF222F723100AEE415 /* RxAlamofireController.swift in Sources */,
				95FD08A52227B9A90004467C /* MathematicalAndAggregateOperatorsController.swift in Sources */,
				95FD87ED222E603500C2E230 /* WeakSelfUnownedSelfController.swift in Sources */,
				95FD08A12227B97B0004467C /* ConditionalAndBooleanOperatorsController.swift in Sources */,
				95FD08972227B19B0004467C /* ObserverController.swift in Sources */,
				95FF098A2228FE4000797971 /* UIGestureRecognizerController.swift in Sources */,
				95FD08AF2227BA700004467C /* SingleCompletableMaybeController.swift in Sources */,
				95FF098C2229002700797971 /* UIDatePickerController.swift in Sources */,
				95FD089F2227B96C0004467C /* FilteringObservablesController.swift in Sources */,
				95FD08A72227BA2E0004467C /* ConnectableObservableOperatorsController.swift in Sources */,
				95F88B69222D09B500250D13 /* UITableViewDifferentCellController.swift in Sources */,
			);
			runOnlyForDeploymentPostprocessing = 0;
		};
/* End PBXSourcesBuildPhase section */

/* Begin PBXVariantGroup section */
		95FD08852227894C0004467C /* Main.storyboard */ = {
			isa = PBXVariantGroup;
			children = (
				95FD08862227894C0004467C /* Base */,
			);
			name = Main.storyboard;
			sourceTree = "<group>";
		};
		95FD088A2227894D0004467C /* LaunchScreen.storyboard */ = {
			isa = PBXVariantGroup;
			children = (
				95FD088B2227894D0004467C /* Base */,
			);
			name = LaunchScreen.storyboard;
			sourceTree = "<group>";
		};
/* End PBXVariantGroup section */

/* Begin XCBuildConfiguration section */
		95FD088E2227894D0004467C /* Debug */ = {
			isa = XCBuildConfiguration;
			buildSettings = {
				ALWAYS_SEARCH_USER_PATHS = NO;
				CLANG_ANALYZER_NONNULL = YES;
				CLANG_ANALYZER_NUMBER_OBJECT_CONVERSION = YES_AGGRESSIVE;
				CLANG_CXX_LANGUAGE_STANDARD = "gnu++14";
				CLANG_CXX_LIBRARY = "libc++";
				CLANG_ENABLE_MODULES = YES;
				CLANG_ENABLE_OBJC_ARC = YES;
				CLANG_ENABLE_OBJC_WEAK = YES;
				CLANG_WARN_BLOCK_CAPTURE_AUTORELEASING = YES;
				CLANG_WARN_BOOL_CONVERSION = YES;
				CLANG_WARN_COMMA = YES;
				CLANG_WARN_CONSTANT_CONVERSION = YES;
				CLANG_WARN_DEPRECATED_OBJC_IMPLEMENTATIONS = YES;
				CLANG_WARN_DIRECT_OBJC_ISA_USAGE = YES_ERROR;
				CLANG_WARN_DOCUMENTATION_COMMENTS = YES;
				CLANG_WARN_EMPTY_BODY = YES;
				CLANG_WARN_ENUM_CONVERSION = YES;
				CLANG_WARN_INFINITE_RECURSION = YES;
				CLANG_WARN_INT_CONVERSION = YES;
				CLANG_WARN_NON_LITERAL_NULL_CONVERSION = YES;
				CLANG_WARN_OBJC_IMPLICIT_RETAIN_SELF = YES;
				CLANG_WARN_OBJC_LITERAL_CONVERSION = YES;
				CLANG_WARN_OBJC_ROOT_CLASS = YES_ERROR;
				CLANG_WARN_RANGE_LOOP_ANALYSIS = YES;
				CLANG_WARN_STRICT_PROTOTYPES = YES;
				CLANG_WARN_SUSPICIOUS_MOVE = YES;
				CLANG_WARN_UNGUARDED_AVAILABILITY = YES_AGGRESSIVE;
				CLANG_WARN_UNREACHABLE_CODE = YES;
				CLANG_WARN__DUPLICATE_METHOD_MATCH = YES;
				CODE_SIGN_IDENTITY = "iPhone Developer";
				COPY_PHASE_STRIP = NO;
				DEBUG_INFORMATION_FORMAT = dwarf;
				ENABLE_STRICT_OBJC_MSGSEND = YES;
				ENABLE_TESTABILITY = YES;
				GCC_C_LANGUAGE_STANDARD = gnu11;
				GCC_DYNAMIC_NO_PIC = NO;
				GCC_NO_COMMON_BLOCKS = YES;
				GCC_OPTIMIZATION_LEVEL = 0;
				GCC_PREPROCESSOR_DEFINITIONS = (
					"DEBUG=1",
					"$(inherited)",
				);
				GCC_WARN_64_TO_32_BIT_CONVERSION = YES;
				GCC_WARN_ABOUT_RETURN_TYPE = YES_ERROR;
				GCC_WARN_UNDECLARED_SELECTOR = YES;
				GCC_WARN_UNINITIALIZED_AUTOS = YES_AGGRESSIVE;
				GCC_WARN_UNUSED_FUNCTION = YES;
				GCC_WARN_UNUSED_VARIABLE = YES;
				IPHONEOS_DEPLOYMENT_TARGET = 12.1;
				MTL_ENABLE_DEBUG_INFO = INCLUDE_SOURCE;
				MTL_FAST_MATH = YES;
				ONLY_ACTIVE_ARCH = YES;
				SDKROOT = iphoneos;
				SWIFT_ACTIVE_COMPILATION_CONDITIONS = DEBUG;
				SWIFT_OPTIMIZATION_LEVEL = "-Onone";
			};
			name = Debug;
		};
		95FD088F2227894D0004467C /* Release */ = {
			isa = XCBuildConfiguration;
			buildSettings = {
				ALWAYS_SEARCH_USER_PATHS = NO;
				CLANG_ANALYZER_NONNULL = YES;
				CLANG_ANALYZER_NUMBER_OBJECT_CONVERSION = YES_AGGRESSIVE;
				CLANG_CXX_LANGUAGE_STANDARD = "gnu++14";
				CLANG_CXX_LIBRARY = "libc++";
				CLANG_ENABLE_MODULES = YES;
				CLANG_ENABLE_OBJC_ARC = YES;
				CLANG_ENABLE_OBJC_WEAK = YES;
				CLANG_WARN_BLOCK_CAPTURE_AUTORELEASING = YES;
				CLANG_WARN_BOOL_CONVERSION = YES;
				CLANG_WARN_COMMA = YES;
				CLANG_WARN_CONSTANT_CONVERSION = YES;
				CLANG_WARN_DEPRECATED_OBJC_IMPLEMENTATIONS = YES;
				CLANG_WARN_DIRECT_OBJC_ISA_USAGE = YES_ERROR;
				CLANG_WARN_DOCUMENTATION_COMMENTS = YES;
				CLANG_WARN_EMPTY_BODY = YES;
				CLANG_WARN_ENUM_CONVERSION = YES;
				CLANG_WARN_INFINITE_RECURSION = YES;
				CLANG_WARN_INT_CONVERSION = YES;
				CLANG_WARN_NON_LITERAL_NULL_CONVERSION = YES;
				CLANG_WARN_OBJC_IMPLICIT_RETAIN_SELF = YES;
				CLANG_WARN_OBJC_LITERAL_CONVERSION = YES;
				CLANG_WARN_OBJC_ROOT_CLASS = YES_ERROR;
				CLANG_WARN_RANGE_LOOP_ANALYSIS = YES;
				CLANG_WARN_STRICT_PROTOTYPES = YES;
				CLANG_WARN_SUSPICIOUS_MOVE = YES;
				CLANG_WARN_UNGUARDED_AVAILABILITY = YES_AGGRESSIVE;
				CLANG_WARN_UNREACHABLE_CODE = YES;
				CLANG_WARN__DUPLICATE_METHOD_MATCH = YES;
				CODE_SIGN_IDENTITY = "iPhone Developer";
				COPY_PHASE_STRIP = NO;
				DEBUG_INFORMATION_FORMAT = "dwarf-with-dsym";
				ENABLE_NS_ASSERTIONS = NO;
				ENABLE_STRICT_OBJC_MSGSEND = YES;
				GCC_C_LANGUAGE_STANDARD = gnu11;
				GCC_NO_COMMON_BLOCKS = YES;
				GCC_WARN_64_TO_32_BIT_CONVERSION = YES;
				GCC_WARN_ABOUT_RETURN_TYPE = YES_ERROR;
				GCC_WARN_UNDECLARED_SELECTOR = YES;
				GCC_WARN_UNINITIALIZED_AUTOS = YES_AGGRESSIVE;
				GCC_WARN_UNUSED_FUNCTION = YES;
				GCC_WARN_UNUSED_VARIABLE = YES;
				IPHONEOS_DEPLOYMENT_TARGET = 12.1;
				MTL_ENABLE_DEBUG_INFO = NO;
				MTL_FAST_MATH = YES;
				SDKROOT = iphoneos;
				SWIFT_COMPILATION_MODE = wholemodule;
				SWIFT_OPTIMIZATION_LEVEL = "-O";
				VALIDATE_PRODUCT = YES;
			};
			name = Release;
		};
		95FD08912227894D0004467C /* Debug */ = {
			isa = XCBuildConfiguration;
			baseConfigurationReference = 2087D2F766920D1331D0CEF8 /* Pods-RxSwiftKnowledge.debug.xcconfig */;
			buildSettings = {
				ASSETCATALOG_COMPILER_APPICON_NAME = AppIcon;
				CODE_SIGN_STYLE = Automatic;
				INFOPLIST_FILE = RxSwiftKnowledge/Info.plist;
				LD_RUNPATH_SEARCH_PATHS = (
					"$(inherited)",
					"@executable_path/Frameworks",
				);
				PRODUCT_BUNDLE_IDENTIFIER = com.Darren.RxSwiftKnowledge;
				PRODUCT_NAME = "$(TARGET_NAME)";
				SWIFT_VERSION = 4.2;
				TARGETED_DEVICE_FAMILY = "1,2";
			};
			name = Debug;
		};
		95FD08922227894D0004467C /* Release */ = {
			isa = XCBuildConfiguration;
			baseConfigurationReference = 09ADA2B8EEF47B7DE8B3EC64 /* Pods-RxSwiftKnowledge.release.xcconfig */;
			buildSettings = {
				ASSETCATALOG_COMPILER_APPICON_NAME = AppIcon;
				CODE_SIGN_STYLE = Automatic;
				INFOPLIST_FILE = RxSwiftKnowledge/Info.plist;
				LD_RUNPATH_SEARCH_PATHS = (
					"$(inherited)",
					"@executable_path/Frameworks",
				);
				PRODUCT_BUNDLE_IDENTIFIER = com.Darren.RxSwiftKnowledge;
				PRODUCT_NAME = "$(TARGET_NAME)";
				SWIFT_VERSION = 4.2;
				TARGETED_DEVICE_FAMILY = "1,2";
			};
			name = Release;
		};
/* End XCBuildConfiguration section */

/* Begin XCConfigurationList section */
		95FD08792227894C0004467C /* Build configuration list for PBXProject "RxSwiftKnowledge" */ = {
			isa = XCConfigurationList;
			buildConfigurations = (
				95FD088E2227894D0004467C /* Debug */,
				95FD088F2227894D0004467C /* Release */,
			);
			defaultConfigurationIsVisible = 0;
			defaultConfigurationName = Release;
		};
		95FD08902227894D0004467C /* Build configuration list for PBXNativeTarget "RxSwiftKnowledge" */ = {
			isa = XCConfigurationList;
			buildConfigurations = (
				95FD08912227894D0004467C /* Debug */,
				95FD08922227894D0004467C /* Release */,
			);
			defaultConfigurationIsVisible = 0;
			defaultConfigurationName = Release;
		};
/* End XCConfigurationList section */
	};
	rootObject = 95FD08762227894C0004467C /* Project object */;
}
